
Microsoft Visual Studio Solution File, Format Version 12.00
# Visual Studio Version 16
VisualStudioVersion = 16.0.29123.88
MinimumVisualStudioVersion = 10.0.40219.1
Project("{8BC9CEB8-8B4A-11D0-8D11-00A0C91BC942}") = "char-server", "vcproj-16\char-server.vcxproj", "{D356871D-58E1-450B-967A-E4E9646175AF}"
EndProject
Project("{8BC9CEB8-8B4A-11D0-8D11-00A0C91BC942}") = "login-server", "vcproj-16\login-server.vcxproj", "{D356871D-58E1-450B-967A-E5E9646175AF}"
EndProject
Project("{8BC9CEB8-8B4A-11D0-8D11-00A0C91BC942}") = "map-server", "vcproj-16\map-server.vcxproj", "{D356871D-58E1-450B-967A-E6E9646175AF}"
EndProject
Project("{8BC9CEB8-8B4A-11D0-8D11-00A0C91BC942}") = "plugin-sample", "vcproj-16\plugin-sample.vcxproj", "{E64C56D3-CDFB-483B-900B-A62D216B6D2F}"
EndProject
Project("{8BC9CEB8-8B4A-11D0-8D11-00A0C91BC942}") = "plugin-HPMHooking_map", "vcproj-16\plugin-HPMHooking_map.vcxproj", "{745D4A8C-6A68-4721-A43A-D81BF59860A1}"
EndProject
Project("{8BC9CEB8-8B4A-11D0-8D11-00A0C91BC942}") = "plugin-HPMHooking_char", "vcproj-16\plugin-HPMHooking_char.vcxproj", "{D495824D-24D3-4623-A28C-4CA506084A09}"
EndProject
Project("{8BC9CEB8-8B4A-11D0-8D11-00A0C91BC942}") = "plugin-HPMHooking_login", "vcproj-16\plugin-HPMHooking_login.vcxproj", "{544AD8E8-0309-49DE-9F8D-F9FEA24D92F1}"
EndProject
Project("{8BC9CEB8-8B4A-11D0-8D11-00A0C91BC942}") = "mapcache", "vcproj-16\mapcache.vcxproj", "{3BE4C0C0-D47B-4B59-A206-49368C7AAB65}"
EndProject
Project("{8BC9CEB8-8B4A-11D0-8D11-00A0C91BC942}") = "_auraset", "vcproj-16\_auraset.vcxproj", "{82736B17-8F9C-4858-AF55-C6B954D122CE}"
EndProject
Project("{8BC9CEB8-8B4A-11D0-8D11-00A0C91BC942}") = "_charms1.6", "vcproj-16\_charms1.6.vcxproj", "{CC1C67DE-3A2E-46FE-88B9-833FF0B2E27E}"
EndProject
Project("{8BC9CEB8-8B4A-11D0-8D11-00A0C91BC942}") = "_extended_vending", "vcproj-16\_extended_vending.vcxproj", "{B7483B3D-E89C-4198-82F7-1182206C8BE5}"
EndProject
Project("{8BC9CEB8-8B4A-11D0-8D11-00A0C91BC942}") = "_noitem1.9", "vcproj-16\_noitem1.9.vcxproj", "{FD7BE15A-65CC-42A8-AB2C-4721286F029E}"
EndProject
Global
	GlobalSection(SolutionConfigurationPlatforms) = preSolution
		Debug|Win32 = Debug|Win32
		Release|Win32 = Release|Win32
	EndGlobalSection
	GlobalSection(ProjectConfigurationPlatforms) = postSolution
		{D356871D-58E1-450B-967A-E4E9646175AF}.Debug|Win32.ActiveCfg = Debug|Win32
		{D356871D-58E1-450B-967A-E4E9646175AF}.Debug|Win32.Build.0 = Debug|Win32
		{D356871D-58E1-450B-967A-E4E9646175AF}.Release|Win32.ActiveCfg = Release|Win32
		{D356871D-58E1-450B-967A-E4E9646175AF}.Release|Win32.Build.0 = Release|Win32
		{D356871D-58E1-450B-967A-E5E9646175AF}.Debug|Win32.ActiveCfg = Debug|Win32
		{D356871D-58E1-450B-967A-E5E9646175AF}.Debug|Win32.Build.0 = Debug|Win32
		{D356871D-58E1-450B-967A-E5E9646175AF}.Release|Win32.ActiveCfg = Release|Win32
		{D356871D-58E1-450B-967A-E5E9646175AF}.Release|Win32.Build.0 = Release|Win32
		{D356871D-58E1-450B-967A-E6E9646175AF}.Debug|Win32.ActiveCfg = Debug|Win32
		{D356871D-58E1-450B-967A-E6E9646175AF}.Debug|Win32.Build.0 = Debug|Win32
		{D356871D-58E1-450B-967A-E6E9646175AF}.Release|Win32.ActiveCfg = Release|Win32
		{D356871D-58E1-450B-967A-E6E9646175AF}.Release|Win32.Build.0 = Release|Win32
		{E64C56D3-CDFB-483B-900B-A62D216B6D2F}.Debug|Win32.ActiveCfg = Debug|Win32
		{E64C56D3-CDFB-483B-900B-A62D216B6D2F}.Debug|Win32.Build.0 = Debug|Win32
		{E64C56D3-CDFB-483B-900B-A62D216B6D2F}.Release|Win32.ActiveCfg = Release|Win32
		{E64C56D3-CDFB-483B-900B-A62D216B6D2F}.Release|Win32.Build.0 = Release|Win32
		{745D4A8C-6A68-4721-A43A-D81BF59860A1}.Debug|Win32.ActiveCfg = Debug|Win32
		{745D4A8C-6A68-4721-A43A-D81BF59860A1}.Debug|Win32.Build.0 = Debug|Win32
		{745D4A8C-6A68-4721-A43A-D81BF59860A1}.Release|Win32.ActiveCfg = Release|Win32
		{745D4A8C-6A68-4721-A43A-D81BF59860A1}.Release|Win32.Build.0 = Release|Win32
		{D495824D-24D3-4623-A28C-4CA506084A09}.Debug|Win32.ActiveCfg = Debug|Win32
		{D495824D-24D3-4623-A28C-4CA506084A09}.Debug|Win32.Build.0 = Debug|Win32
		{D495824D-24D3-4623-A28C-4CA506084A09}.Release|Win32.ActiveCfg = Release|Win32
		{D495824D-24D3-4623-A28C-4CA506084A09}.Release|Win32.Build.0 = Release|Win32
		{544AD8E8-0309-49DE-9F8D-F9FEA24D92F1}.Debug|Win32.ActiveCfg = Debug|Win32
		{544AD8E8-0309-49DE-9F8D-F9FEA24D92F1}.Debug|Win32.Build.0 = Debug|Win32
		{544AD8E8-0309-49DE-9F8D-F9FEA24D92F1}.Release|Win32.ActiveCfg = Release|Win32
		{544AD8E8-0309-49DE-9F8D-F9FEA24D92F1}.Release|Win32.Build.0 = Release|Win32
		{3BE4C0C0-D47B-4B59-A206-49368C7AAB65}.Debug|Win32.ActiveCfg = Debug|Win32
		{3BE4C0C0-D47B-4B59-A206-49368C7AAB65}.Debug|Win32.Build.0 = Debug|Win32
		{3BE4C0C0-D47B-4B59-A206-49368C7AAB65}.Release|Win32.ActiveCfg = Release|Win32
		{3BE4C0C0-D47B-4B59-A206-49368C7AAB65}.Release|Win32.Build.0 = Release|Win32
		{82736B17-8F9C-4858-AF55-C6B954D122CE}.Debug|Win32.ActiveCfg = Debug|Win32
		{82736B17-8F9C-4858-AF55-C6B954D122CE}.Debug|Win32.Build.0 = Debug|Win32
		{82736B17-8F9C-4858-AF55-C6B954D122CE}.Release|Win32.ActiveCfg = Release|Win32
		{82736B17-8F9C-4858-AF55-C6B954D122CE}.Release|Win32.Build.0 = Release|Win32
		{CC1C67DE-3A2E-46FE-88B9-833FF0B2E27E}.Debug|Win32.ActiveCfg = Debug|Win32
		{CC1C67DE-3A2E-46FE-88B9-833FF0B2E27E}.Debug|Win32.Build.0 = Debug|Win32
		{CC1C67DE-3A2E-46FE-88B9-833FF0B2E27E}.Release|Win32.ActiveCfg = Release|Win32
		{CC1C67DE-3A2E-46FE-88B9-833FF0B2E27E}.Release|Win32.Build.0 = Release|Win32
		{B7483B3D-E89C-4198-82F7-1182206C8BE5}.Debug|Win32.ActiveCfg = Debug|Win32
		{B7483B3D-E89C-4198-82F7-1182206C8BE5}.Debug|Win32.Build.0 = Debug|Win32
		{B7483B3D-E89C-4198-82F7-1182206C8BE5}.Release|Win32.ActiveCfg = Release|Win32
		{B7483B3D-E89C-4198-82F7-1182206C8BE5}.Release|Win32.Build.0 = Release|Win32
		{FD7BE15A-65CC-42A8-AB2C-4721286F029E}.Debug|Win32.ActiveCfg = Debug|Win32
		{FD7BE15A-65CC-42A8-AB2C-4721286F029E}.Debug|Win32.Build.0 = Debug|Win32
		{FD7BE15A-65CC-42A8-AB2C-4721286F029E}.Release|Win32.ActiveCfg = Release|Win32
		{FD7BE15A-65CC-42A8-AB2C-4721286F029E}.Release|Win32.Build.0 = Release|Win32
	EndGlobalSection
	GlobalSection(SolutionProperties) = preSolution
		HideSolutionNode = FALSE
	EndGlobalSection
	GlobalSection(ExtensibilityGlobals) = postSolution
		SolutionGuid = {5DB2664E-B4D7-4FC3-B0E2-F5E7608B9393}
	EndGlobalSection
EndGlobal
